
Microsoft Visual Studio Solution File, Format Version 12.00
# Visual Studio Version 17
VisualStudioVersion = 17.11.35327.3
MinimumVisualStudioVersion = 10.0.40219.1
Project("{FAE04EC0-301F-11D3-BF4B-00C04F79EFBC}") = "NumberReverseApp", "NumberReverseApp\NumberReverseApp.csproj", "{56D62F02-7CD3-4486-AD8E-6955B0C71BDA}"
EndProject
Global
	GlobalSection(SolutionConfigurationPlatforms) = preSolution
		Debug|Any CPU = Debug|Any CPU
		Release|Any CPU = Release|Any CPU
	EndGlobalSection
	GlobalSection(ProjectConfigurationPlatforms) = postSolution
		{56D62F02-7CD3-4486-AD8E-6955B0C71BDA}.Debug|Any CPU.ActiveCfg = Debug|Any CPU
		{56D62F02-7CD3-4486-AD8E-6955B0C71BDA}.Debug|Any CPU.Build.0 = Debug|Any CPU
		{56D62F02-7CD3-4486-AD8E-6955B0C71BDA}.Release|Any CPU.ActiveCfg = Release|Any CPU
		{56D62F02-7CD3-4486-AD8E-6955B0C71BDA}.Release|Any CPU.Build.0 = Release|Any CPU
	EndGlobalSection
	GlobalSection(SolutionProperties) = preSolution
		HideSolutionNode = FALSE
	EndGlobalSection
	GlobalSection(ExtensibilityGlobals) = postSolution
		SolutionGuid = {7857E011-A606-4B83-AD1C-46FB7A9289B6}
	EndGlobalSection
EndGlobal
